{
    "_readme": [
        "This file locks the dependencies of your project to a known state",
        "Read more about it at http://getcomposer.org/doc/01-basic-usage.md#composer-lock-the-lock-file"
    ],
    "hash": "897cac9744bacc0b431590c922eeb3ca",
    "packages": [
        {
            "name": "aoepeople/composer-installers",
            "version": "v0.0.1",
            "source": {
                "type": "git",
                "url": "https://github.com/AOEpeople/composer-installers.git",
                "reference": "16bf0c8303dbaa0bd7aad7c1750dd3194107d692"
            },
            "dist": {
                "type": "zip",
                "url": "https://api.github.com/repos/AOEpeople/composer-installers/zipball/16bf0c8303dbaa0bd7aad7c1750dd3194107d692",
                "reference": "16bf0c8303dbaa0bd7aad7c1750dd3194107d692",
                "shasum": ""
            },
            "replace": {
                "magento-hackathon/magento-composer-installer": "*"
            },
            "type": "composer-installer",
            "extra": {
                "class": "Aoepeople\\ComposerInstallers\\Installer"
            },
            "autoload": {
                "psr-0": {
                    "Aoepeople\\ComposerInstallers\\": "src/"
                }
            },
            "notification-url": "https://packagist.org/downloads/",
            "license": [
                "GPL"
            ],
            "authors": [
                {
                    "name": "Fabrizio Branca",
                    "email": "{firstname}.{lastname}@aoe.com"
                }
            ],
            "description": "A simple composer installer",
            "keywords": [
                "installer",
                "magento",
                "modman"
            ],
            "time": "2014-03-07 18:37:34"
        }
    ],
    "packages-dev": [

    ],
    "aliases": [

    ],
    "minimum-stability": "stable",
    "stability-flags": [

    ],
    "platform": [

    ],
    "platform-dev": [

    ]
}
